
Microsoft Visual Studio Solution File, Format Version 12.00
# Visual Studio 15
VisualStudioVersion = 15.0.27428.2037
MinimumVisualStudioVersion = 10.0.40219.1
Project("{FAE04EC0-301F-11D3-BF4B-00C04F79EFBC}") = "OnlineCarBooking", "OnlineCarBooking\OnlineCarBooking.csproj", "{5296A12D-6490-40A0-AE95-E6A840CF39F2}"
EndProject
Global
	GlobalSection(SolutionConfigurationPlatforms) = preSolution
		Debug|Any CPU = Debug|Any CPU
		Release|Any CPU = Release|Any CPU
	EndGlobalSection
	GlobalSection(ProjectConfigurationPlatforms) = postSolution
		{5296A12D-6490-40A0-AE95-E6A840CF39F2}.Debug|Any CPU.ActiveCfg = Debug|Any CPU
		{5296A12D-6490-40A0-AE95-E6A840CF39F2}.Debug|Any CPU.Build.0 = Debug|Any CPU
		{5296A12D-6490-40A0-AE95-E6A840CF39F2}.Release|Any CPU.ActiveCfg = Release|Any CPU
		{5296A12D-6490-40A0-AE95-E6A840CF39F2}.Release|Any CPU.Build.0 = Release|Any CPU
	EndGlobalSection
	GlobalSection(SolutionProperties) = preSolution
		HideSolutionNode = FALSE
	EndGlobalSection
	GlobalSection(ExtensibilityGlobals) = postSolution
		SolutionGuid = {73C0B0B1-F024-4972-A0DE-511267105729}
	EndGlobalSection
EndGlobal
